
Microsoft Visual Studio Solution File, Format Version 12.00
# Visual Studio Version 17
VisualStudioVersion = 17.0.31903.59
MinimumVisualStudioVersion = 10.0.40219.1
Project("{2150E333-8FDC-42A3-9474-1A3956D46DE8}") = "docs", "docs", "{208BA388-4CEE-2CBF-559C-5607C099C1F8}"
	ProjectSection(SolutionItems) = preProject
		docs\Guia-CI.md = docs\Guia-CI.md
		docs\Guia-EditorConfig.md = docs\Guia-EditorConfig.md
		docs\Guia-xUnit-Intermedio.md = docs\Guia-xUnit-Intermedio.md
		docs\ResumenSintaxis.md = docs\ResumenSintaxis.md
		docs\Semana2-Mejoras.md = docs\Semana2-Mejoras.md
		docs\Semana2-Referencia.md = docs\Semana2-Referencia.md
		docs\Semana3-Referencia.md = docs\Semana3-Referencia.md
		docs\Semana4-anuncios.md = docs\Semana4-anuncios.md
		docs\Semana4-Referencia.md = docs\Semana4-Referencia.md
		docs\Snippets.md = docs\Snippets.md
	EndProjectSection
EndProject
Project("{2150E333-8FDC-42A3-9474-1A3956D46DE8}") = ".settings", ".settings", "{9E899DA8-1043-16AF-0D5F-089296BB5002}"
	ProjectSection(SolutionItems) = preProject
		.editorconfig = .editorconfig
		.gitignore = .gitignore
		Directory.Build.props = Directory.Build.props
	EndProjectSection
EndProject
Project("{2150E333-8FDC-42A3-9474-1A3956D46DE8}") = "Semana1", "Semana1", "{76126703-5C9A-4CEC-B67F-E2DE5A4C1042}"
EndProject
Project("{FAE04EC0-301F-11D3-BF4B-00C04F79EFBC}") = "Ejercicio1", "Semana1\Ejercicio1\Ejercicio1.csproj", "{1DC92D69-4CAB-4DB8-B99A-423F6D781200}"
EndProject
Project("{FAE04EC0-301F-11D3-BF4B-00C04F79EFBC}") = "Ejercicio2", "Semana1\Ejercicio2\Ejercicio2.csproj", "{9D56A0DF-C96C-4FE2-889D-B873CC91DD6D}"
EndProject
Project("{2150E333-8FDC-42A3-9474-1A3956D46DE8}") = "Semana2", "Semana2", "{5E9C8967-CBD4-F666-548E-A6C87C01890B}"
EndProject
Project("{2150E333-8FDC-42A3-9474-1A3956D46DE8}") = "Ejercicio2", "Ejercicio2", "{CFAF0E9E-A3B7-3A2D-7460-0855D03E2D08}"
	ProjectSection(SolutionItems) = preProject
		Semana2\Ejercicio2\README.md = Semana2\Ejercicio2\README.md
	EndProjectSection
EndProject
Project("{2150E333-8FDC-42A3-9474-1A3956D46DE8}") = "src", "src", "{3F7A4C0B-7A2A-4164-A7A2-8EF8A7EB92F0}"
EndProject
Project("{FAE04EC0-301F-11D3-BF4B-00C04F79EFBC}") = "MyApp.Core", "Semana2\Ejercicio2\src\MyApp.Core\MyApp.Core.csproj", "{331F4C71-4EE0-4B5B-BAB4-FA27CAFD6618}"
EndProject
Project("{FAE04EC0-301F-11D3-BF4B-00C04F79EFBC}") = "MyApp.Console", "Semana2\Ejercicio2\src\MyApp.Console\MyApp.Console.csproj", "{18C4E1D3-054B-416D-8985-DB60DB9AC2D0}"
EndProject
Project("{FAE04EC0-301F-11D3-BF4B-00C04F79EFBC}") = "MyApp.Core.Tests", "Semana2\Ejercicio3\src\MyApp.Core.Tests\MyApp.Core.Tests.csproj", "{A4D04517-BA66-46DE-A1CB-0A3F4D0B46D7}"
EndProject
Project("{2150E333-8FDC-42A3-9474-1A3956D46DE8}") = "Ejercicio1", "Ejercicio1", "{B8EDC752-E5AB-1633-0324-2A5F8AD3D6BF}"
	ProjectSection(SolutionItems) = preProject
		Semana2\Ejercicio1\README.md = Semana2\Ejercicio1\README.md
	EndProjectSection
EndProject
Project("{2150E333-8FDC-42A3-9474-1A3956D46DE8}") = "Ejercicio3", "Ejercicio3", "{02EA681E-C7D8-13C7-8484-4AC65E1B71E8}"
EndProject
Project("{FAE04EC0-301F-11D3-BF4B-00C04F79EFBC}") = "MyApp.Core", "Semana2\Ejercicio3\src\MyApp.Core\MyApp.Core.csproj", "{C910D743-0E57-DB50-4793-828861626D40}"
EndProject
Project("{2150E333-8FDC-42A3-9474-1A3956D46DE8}") = "src", "src", "{08E2D685-CAD7-4EC5-849F-AF553B95D248}"
EndProject
Project("{2150E333-8FDC-42A3-9474-1A3956D46DE8}") = "Semana3", "Semana3", "{3317B7B6-73DE-DDC0-A49B-A7D9AB8D7013}"
EndProject
Project("{2150E333-8FDC-42A3-9474-1A3956D46DE8}") = "Ejercicio1", "Ejercicio1", "{FC525DB4-7888-6E56-E4B4-5D4FC00A6283}"
	ProjectSection(SolutionItems) = preProject
		Semana3\Ejercicio1\README.md = Semana3\Ejercicio1\README.md
	EndProjectSection
EndProject
Project("{2150E333-8FDC-42A3-9474-1A3956D46DE8}") = "src", "src", "{E5E1D6D7-F8A4-0CA3-F792-441532B78A65}"
EndProject
Project("{FAE04EC0-301F-11D3-BF4B-00C04F79EFBC}") = "CalculadoraApp", "Semana3\Ejercicio1\src\CalculadoraApp\CalculadoraApp.csproj", "{2D5B2CF0-9618-47AE-B3D4-56EAD83AEA03}"
EndProject
Project("{FAE04EC0-301F-11D3-BF4B-00C04F79EFBC}") = "CalculadoraLib", "Semana3\Ejercicio1\src\CalculadoraLib\CalculadoraLib.csproj", "{CEAC6EA4-86DA-4DF4-9904-E1DB292670FE}"
EndProject
Project("{FAE04EC0-301F-11D3-BF4B-00C04F79EFBC}") = "CalculadoraLib.Tests", "Semana3\Ejercicio1\tests\CalculadoraLib.Tests\CalculadoraLib.Tests.csproj", "{531F6754-56AE-4CC6-ABA8-E52D7D349EE3}"
EndProject
Project("{FAE04EC0-301F-11D3-BF4B-00C04F79EFBC}") = "GestorTareas", "Semana3\Ejercicio2\src\GestorTareas\GestorTareas.csproj", "{DA7DCACD-D8FC-47D2-8510-DE2BAAF897B3}"
EndProject
Project("{FAE04EC0-301F-11D3-BF4B-00C04F79EFBC}") = "GestorTareasApp", "Semana3\Ejercicio2\src\GestorTareasApp\GestorTareasApp.csproj", "{513C672D-2DA9-4BFA-834E-128BA7D4A5C7}"
EndProject
Project("{FAE04EC0-301F-11D3-BF4B-00C04F79EFBC}") = "GestorTareas.Tests", "Semana3\Ejercicio2\tests\GestorTareas.Tests\GestorTareas.Tests.csproj", "{295AB2DF-F6E9-451D-A4CF-924B3EE85946}"
EndProject
Project("{2150E333-8FDC-42A3-9474-1A3956D46DE8}") = "Ejercicio2", "Ejercicio2", "{BE0263AE-F103-4569-8242-FA94FC6CB026}"
	ProjectSection(SolutionItems) = preProject
		Semana3\Ejercicio2\README.md = Semana3\Ejercicio2\README.md
	EndProjectSection
EndProject
Project("{2150E333-8FDC-42A3-9474-1A3956D46DE8}") = "tests", "tests", "{9B6051B2-5243-40B2-9F55-F3CC2FF794B7}"
EndProject
Project("{2150E333-8FDC-42A3-9474-1A3956D46DE8}") = "src", "src", "{7C8BF3D9-6CC0-4539-8CA0-21D0D6EC7A76}"
EndProject
Project("{2150E333-8FDC-42A3-9474-1A3956D46DE8}") = "tests", "tests", "{BD46BF94-83F1-4611-B0E5-CD70F4A2A24F}"
EndProject
Project("{2150E333-8FDC-42A3-9474-1A3956D46DE8}") = "Ejercicio3", "Ejercicio3", "{71FEE256-6C57-43AE-9478-46A36901E001}"
	ProjectSection(SolutionItems) = preProject
		Semana3\Ejercicio3\README.md = Semana3\Ejercicio3\README.md
	EndProjectSection
EndProject
Project("{2150E333-8FDC-42A3-9474-1A3956D46DE8}") = "Ejercicio4", "Ejercicio4", "{F5E51B0F-93A1-4F4C-82F8-9BB8F4AC138C}"
	ProjectSection(SolutionItems) = preProject
		Semana3\Ejercicio4\README.md = Semana3\Ejercicio4\README.md
	EndProjectSection
EndProject
Project("{2150E333-8FDC-42A3-9474-1A3956D46DE8}") = "tests", "tests", "{4989BEA5-5B52-4BFD-B777-3315EA34BA62}"
EndProject
Project("{2150E333-8FDC-42A3-9474-1A3956D46DE8}") = "Semana4", "Semana4", "{34DFC7EB-D610-AD20-3560-2014A4FF57DA}"
	ProjectSection(SolutionItems) = preProject
		Semana4\README.md = Semana4\README.md
	EndProjectSection
EndProject
Project("{2150E333-8FDC-42A3-9474-1A3956D46DE8}") = "Ejercicio1", "Ejercicio1", "{A9518FE3-065C-17E5-B339-428680C7AC5E}"
	ProjectSection(SolutionItems) = preProject
		Semana4\Ejercicio1\README.md = Semana4\Ejercicio1\README.md
	EndProjectSection
EndProject
Project("{2150E333-8FDC-42A3-9474-1A3956D46DE8}") = "src", "src", "{C8992C30-6330-E0CF-E00A-CCBE9FFB1AE7}"
EndProject
Project("{FAE04EC0-301F-11D3-BF4B-00C04F79EFBC}") = "WebSimulator", "Semana4\Ejercicio1\src\WebSimulator.csproj", "{365D85CF-3465-4302-818F-BA998CB17504}"
EndProject
Project("{FAE04EC0-301F-11D3-BF4B-00C04F79EFBC}") = "WebSimulatorTests", "Semana4\Ejercicio1\tests\WebSimulatorTests.csproj", "{653591C8-648C-4441-B8F5-EC73C14E1FFC}"
EndProject
Project("{FAE04EC0-301F-11D3-BF4B-00C04F79EFBC}") = "ConcurrencyLib", "Semana4\Ejercicio2\src\ConcurrencyLib.csproj", "{19E5C6EA-E083-4C6C-B602-1ACF3C1FDAD6}"
EndProject
Project("{FAE04EC0-301F-11D3-BF4B-00C04F79EFBC}") = "ConcurrencyLib.Tests", "Semana4\Ejercicio2\tests\ConcurrencyLib.Tests.csproj", "{B93B5B85-359E-4A99-A0A9-B7D08AA51EB0}"
EndProject
Project("{FAE04EC0-301F-11D3-BF4B-00C04F79EFBC}") = "AsyncLib", "Semana4\Ejercicio3\src\AsyncLib.csproj", "{45CF6B09-6881-494E-A7B6-8FB2797527CF}"
EndProject
Project("{FAE04EC0-301F-11D3-BF4B-00C04F79EFBC}") = "AsyncLib.Tests", "Semana4\Ejercicio3\tests\AsyncLib.Tests.csproj", "{D50FEF19-074D-46C2-A590-C8C2856FF91A}"
EndProject
Project("{2150E333-8FDC-42A3-9474-1A3956D46DE8}") = "Ejercicio2", "Ejercicio2", "{658F31D0-AF0B-4B0D-8B22-962A9021AA2E}"
	ProjectSection(SolutionItems) = preProject
		Semana4\Ejercicio2\README.md = Semana4\Ejercicio2\README.md
	EndProjectSection
EndProject
Project("{2150E333-8FDC-42A3-9474-1A3956D46DE8}") = "Ejercicio3", "Ejercicio3", "{03BDBA43-119C-4014-A905-854D232FD7BC}"
	ProjectSection(SolutionItems) = preProject
		Semana4\Ejercicio3\README.md = Semana4\Ejercicio3\README.md
	EndProjectSection
EndProject
Project("{2150E333-8FDC-42A3-9474-1A3956D46DE8}") = "tests", "tests", "{C27FA285-3D35-4BAC-AAAD-6CDDF4B4F298}"
EndProject
Project("{2150E333-8FDC-42A3-9474-1A3956D46DE8}") = "tests", "tests", "{45D674A1-3A59-4303-89AA-01901BF0D86E}"
EndProject
Project("{2150E333-8FDC-42A3-9474-1A3956D46DE8}") = "src", "src", "{D8003A4B-1598-4461-A110-98BE360B9A93}"
EndProject
Project("{2150E333-8FDC-42A3-9474-1A3956D46DE8}") = "src", "src", "{1C1E985C-B079-41B2-9A29-67F4C5FD4675}"
EndProject
Project("{2150E333-8FDC-42A3-9474-1A3956D46DE8}") = "tests", "tests", "{668F2E66-AAF3-430C-A0F5-11F72DBD8BB0}"
EndProject
Project("{2150E333-8FDC-42A3-9474-1A3956D46DE8}") = "Ejercicio4", "Ejercicio4", "{2D3B07B7-B01C-4C59-B651-6A47E6AF4EF0}"
	ProjectSection(SolutionItems) = preProject
		Semana4\Ejercicio4\README.md = Semana4\Ejercicio4\README.md
	EndProjectSection
EndProject
Project("{2150E333-8FDC-42A3-9474-1A3956D46DE8}") = "Semana5", "Semana5", "{17C1AC02-53F6-FE37-6069-914689DC9DF6}"
EndProject
Project("{2150E333-8FDC-42A3-9474-1A3956D46DE8}") = "Ejercicio1", "Ejercicio1", "{2E5D62C4-29B8-0774-8312-0A7EEE9C2DF7}"
EndProject
Project("{2150E333-8FDC-42A3-9474-1A3956D46DE8}") = "Ejercicio2", "Ejercicio2", "{10C3098F-87A0-B767-FB93-CE037EFCE35E}"
EndProject
Project("{2150E333-8FDC-42A3-9474-1A3956D46DE8}") = "Ejercicio3", "Ejercicio3", "{F0C00FC6-0B40-68E2-6329-4E02AD736237}"
EndProject
Project("{2150E333-8FDC-42A3-9474-1A3956D46DE8}") = "Ejercicio4", "Ejercicio4", "{DACD9306-FC8B-4CAB-3D52-4C186ACC50A9}"
EndProject
Project("{FAE04EC0-301F-11D3-BF4B-00C04F79EFBC}") = "ThreadVsTask", "Semana5\Ejercicio1\src\ThreadVsTask.csproj", "{11DCA70A-6ABC-4DD2-A86A-41D6E018817B}"
EndProject
Project("{FAE04EC0-301F-11D3-BF4B-00C04F79EFBC}") = "ThreadVsTask.Tests", "Semana5\Ejercicio1\tests\ThreadVsTask.Tests.csproj", "{DFCDF0D3-99EF-4D9B-927E-7C339DBC2545}"
EndProject
Project("{FAE04EC0-301F-11D3-BF4B-00C04F79EFBC}") = "ParallelProcessing", "Semana5\Ejercicio2\src\ParallelProcessing.csproj", "{31757409-5FB8-4DAC-9FDD-34D23CEBCA33}"
EndProject
Project("{FAE04EC0-301F-11D3-BF4B-00C04F79EFBC}") = "ParallelProcessing.Tests", "Semana5\Ejercicio2\tests\ParallelProcessing.Tests.csproj", "{AF247C87-0496-47FE-9276-2CD05C9B7005}"
EndProject
Project("{FAE04EC0-301F-11D3-BF4B-00C04F79EFBC}") = "Contador", "Semana5\Ejercicio3\src\Contador.csproj", "{0F567CD4-4969-40EF-9036-5E144B472B01}"
EndProject
Project("{FAE04EC0-301F-11D3-BF4B-00C04F79EFBC}") = "ContadorTests", "Semana5\Ejercicio3\tests\ContadorTests.csproj", "{A5E313D5-6007-4F35-9612-ECA95190471F}"
EndProject
Project("{FAE04EC0-301F-11D3-BF4B-00C04F79EFBC}") = "Collections", "Semana5\Ejercicio4\src\Collections.csproj", "{D895602E-1AFA-48B5-972A-23DCB2276215}"
EndProject
Project("{FAE04EC0-301F-11D3-BF4B-00C04F79EFBC}") = "Collections.Tests", "Semana5\Ejercicio4\tests\Collections.Tests.csproj", "{A434DECE-E1FD-4BF1-9762-BCEE1DD15539}"
EndProject
Project("{2150E333-8FDC-42A3-9474-1A3956D46DE8}") = "Semana6", "Semana6", "{6D6D824A-973A-020F-CB5A-FEA82890E265}"
EndProject
Project("{2150E333-8FDC-42A3-9474-1A3956D46DE8}") = "Ejercicio1", "Ejercicio1", "{B8A08F6F-1665-BE51-1D1C-1AE6C5D889D6}"
EndProject
Project("{FAE04EC0-301F-11D3-BF4B-00C04F79EFBC}") = "ProducerConsumer", "Semana6\Ejercicio1\src\ProducerConsumer.csproj", "{3106A7A4-1141-4E2A-BBC5-CBFDBC002026}"
EndProject
Project("{FAE04EC0-301F-11D3-BF4B-00C04F79EFBC}") = "ProducerConsumer.Tests", "Semana6\Ejercicio1\tests\ProducerConsumer.Tests.csproj", "{2C9EB16D-6409-4348-AA0A-8388D0813D59}"
EndProject
Project("{2150E333-8FDC-42A3-9474-1A3956D46DE8}") = "Ejercicio2", "Ejercicio2", "{34C97A32-80F3-C717-D85A-9398E0E2B71F}"
EndProject
Project("{FAE04EC0-301F-11D3-BF4B-00C04F79EFBC}") = "Alumno", "Semana6\Ejercicio2\src\Alumno.csproj", "{70E8C7F7-0896-4011-B52A-E48A56897C16}"
EndProject
Project("{FAE04EC0-301F-11D3-BF4B-00C04F79EFBC}") = "Alumno.Tests", "Semana6\Ejercicio2\tests\Alumno.Tests.csproj", "{652FDE46-99D5-4888-9442-5D9E68C1DBDD}"
EndProject
Global
	GlobalSection(SolutionConfigurationPlatforms) = preSolution
		Debug|Any CPU = Debug|Any CPU
		Debug|x64 = Debug|x64
		Debug|x86 = Debug|x86
		Release|Any CPU = Release|Any CPU
		Release|x64 = Release|x64
		Release|x86 = Release|x86
	EndGlobalSection
	GlobalSection(ProjectConfigurationPlatforms) = postSolution
		{1DC92D69-4CAB-4DB8-B99A-423F6D781200}.Debug|Any CPU.ActiveCfg = Debug|Any CPU
		{1DC92D69-4CAB-4DB8-B99A-423F6D781200}.Debug|Any CPU.Build.0 = Debug|Any CPU
		{1DC92D69-4CAB-4DB8-B99A-423F6D781200}.Debug|x64.ActiveCfg = Debug|Any CPU
		{1DC92D69-4CAB-4DB8-B99A-423F6D781200}.Debug|x64.Build.0 = Debug|Any CPU
		{1DC92D69-4CAB-4DB8-B99A-423F6D781200}.Debug|x86.ActiveCfg = Debug|Any CPU
		{1DC92D69-4CAB-4DB8-B99A-423F6D781200}.Debug|x86.Build.0 = Debug|Any CPU
		{1DC92D69-4CAB-4DB8-B99A-423F6D781200}.Release|Any CPU.ActiveCfg = Release|Any CPU
		{1DC92D69-4CAB-4DB8-B99A-423F6D781200}.Release|Any CPU.Build.0 = Release|Any CPU
		{1DC92D69-4CAB-4DB8-B99A-423F6D781200}.Release|x64.ActiveCfg = Release|Any CPU
		{1DC92D69-4CAB-4DB8-B99A-423F6D781200}.Release|x64.Build.0 = Release|Any CPU
		{1DC92D69-4CAB-4DB8-B99A-423F6D781200}.Release|x86.ActiveCfg = Release|Any CPU
		{1DC92D69-4CAB-4DB8-B99A-423F6D781200}.Release|x86.Build.0 = Release|Any CPU
		{9D56A0DF-C96C-4FE2-889D-B873CC91DD6D}.Debug|Any CPU.ActiveCfg = Debug|Any CPU
		{9D56A0DF-C96C-4FE2-889D-B873CC91DD6D}.Debug|Any CPU.Build.0 = Debug|Any CPU
		{9D56A0DF-C96C-4FE2-889D-B873CC91DD6D}.Debug|x64.ActiveCfg = Debug|Any CPU
		{9D56A0DF-C96C-4FE2-889D-B873CC91DD6D}.Debug|x64.Build.0 = Debug|Any CPU
		{9D56A0DF-C96C-4FE2-889D-B873CC91DD6D}.Debug|x86.ActiveCfg = Debug|Any CPU
		{9D56A0DF-C96C-4FE2-889D-B873CC91DD6D}.Debug|x86.Build.0 = Debug|Any CPU
		{9D56A0DF-C96C-4FE2-889D-B873CC91DD6D}.Release|Any CPU.ActiveCfg = Release|Any CPU
		{9D56A0DF-C96C-4FE2-889D-B873CC91DD6D}.Release|Any CPU.Build.0 = Release|Any CPU
		{9D56A0DF-C96C-4FE2-889D-B873CC91DD6D}.Release|x64.ActiveCfg = Release|Any CPU
		{9D56A0DF-C96C-4FE2-889D-B873CC91DD6D}.Release|x64.Build.0 = Release|Any CPU
		{9D56A0DF-C96C-4FE2-889D-B873CC91DD6D}.Release|x86.ActiveCfg = Release|Any CPU
		{9D56A0DF-C96C-4FE2-889D-B873CC91DD6D}.Release|x86.Build.0 = Release|Any CPU
		{331F4C71-4EE0-4B5B-BAB4-FA27CAFD6618}.Debug|Any CPU.ActiveCfg = Debug|Any CPU
		{331F4C71-4EE0-4B5B-BAB4-FA27CAFD6618}.Debug|Any CPU.Build.0 = Debug|Any CPU
		{331F4C71-4EE0-4B5B-BAB4-FA27CAFD6618}.Debug|x64.ActiveCfg = Debug|Any CPU
		{331F4C71-4EE0-4B5B-BAB4-FA27CAFD6618}.Debug|x64.Build.0 = Debug|Any CPU
		{331F4C71-4EE0-4B5B-BAB4-FA27CAFD6618}.Debug|x86.ActiveCfg = Debug|Any CPU
		{331F4C71-4EE0-4B5B-BAB4-FA27CAFD6618}.Debug|x86.Build.0 = Debug|Any CPU
		{331F4C71-4EE0-4B5B-BAB4-FA27CAFD6618}.Release|Any CPU.ActiveCfg = Release|Any CPU
		{331F4C71-4EE0-4B5B-BAB4-FA27CAFD6618}.Release|Any CPU.Build.0 = Release|Any CPU
		{331F4C71-4EE0-4B5B-BAB4-FA27CAFD6618}.Release|x64.ActiveCfg = Release|Any CPU
		{331F4C71-4EE0-4B5B-BAB4-FA27CAFD6618}.Release|x64.Build.0 = Release|Any CPU
		{331F4C71-4EE0-4B5B-BAB4-FA27CAFD6618}.Release|x86.ActiveCfg = Release|Any CPU
		{331F4C71-4EE0-4B5B-BAB4-FA27CAFD6618}.Release|x86.Build.0 = Release|Any CPU
		{18C4E1D3-054B-416D-8985-DB60DB9AC2D0}.Debug|Any CPU.ActiveCfg = Debug|Any CPU
		{18C4E1D3-054B-416D-8985-DB60DB9AC2D0}.Debug|Any CPU.Build.0 = Debug|Any CPU
		{18C4E1D3-054B-416D-8985-DB60DB9AC2D0}.Debug|x64.ActiveCfg = Debug|Any CPU
		{18C4E1D3-054B-416D-8985-DB60DB9AC2D0}.Debug|x64.Build.0 = Debug|Any CPU
		{18C4E1D3-054B-416D-8985-DB60DB9AC2D0}.Debug|x86.ActiveCfg = Debug|Any CPU
		{18C4E1D3-054B-416D-8985-DB60DB9AC2D0}.Debug|x86.Build.0 = Debug|Any CPU
		{18C4E1D3-054B-416D-8985-DB60DB9AC2D0}.Release|Any CPU.ActiveCfg = Release|Any CPU
		{18C4E1D3-054B-416D-8985-DB60DB9AC2D0}.Release|Any CPU.Build.0 = Release|Any CPU
		{18C4E1D3-054B-416D-8985-DB60DB9AC2D0}.Release|x64.ActiveCfg = Release|Any CPU
		{18C4E1D3-054B-416D-8985-DB60DB9AC2D0}.Release|x64.Build.0 = Release|Any CPU
		{18C4E1D3-054B-416D-8985-DB60DB9AC2D0}.Release|x86.ActiveCfg = Release|Any CPU
		{18C4E1D3-054B-416D-8985-DB60DB9AC2D0}.Release|x86.Build.0 = Release|Any CPU
		{A4D04517-BA66-46DE-A1CB-0A3F4D0B46D7}.Debug|Any CPU.ActiveCfg = Debug|Any CPU
		{A4D04517-BA66-46DE-A1CB-0A3F4D0B46D7}.Debug|Any CPU.Build.0 = Debug|Any CPU
		{A4D04517-BA66-46DE-A1CB-0A3F4D0B46D7}.Debug|x64.ActiveCfg = Debug|Any CPU
		{A4D04517-BA66-46DE-A1CB-0A3F4D0B46D7}.Debug|x64.Build.0 = Debug|Any CPU
		{A4D04517-BA66-46DE-A1CB-0A3F4D0B46D7}.Debug|x86.ActiveCfg = Debug|Any CPU
		{A4D04517-BA66-46DE-A1CB-0A3F4D0B46D7}.Debug|x86.Build.0 = Debug|Any CPU
		{A4D04517-BA66-46DE-A1CB-0A3F4D0B46D7}.Release|Any CPU.ActiveCfg = Release|Any CPU
		{A4D04517-BA66-46DE-A1CB-0A3F4D0B46D7}.Release|Any CPU.Build.0 = Release|Any CPU
		{A4D04517-BA66-46DE-A1CB-0A3F4D0B46D7}.Release|x64.ActiveCfg = Release|Any CPU
		{A4D04517-BA66-46DE-A1CB-0A3F4D0B46D7}.Release|x64.Build.0 = Release|Any CPU
		{A4D04517-BA66-46DE-A1CB-0A3F4D0B46D7}.Release|x86.ActiveCfg = Release|Any CPU
		{A4D04517-BA66-46DE-A1CB-0A3F4D0B46D7}.Release|x86.Build.0 = Release|Any CPU
		{C910D743-0E57-DB50-4793-828861626D40}.Debug|Any CPU.ActiveCfg = Debug|Any CPU
		{C910D743-0E57-DB50-4793-828861626D40}.Debug|Any CPU.Build.0 = Debug|Any CPU
		{C910D743-0E57-DB50-4793-828861626D40}.Debug|x64.ActiveCfg = Debug|Any CPU
		{C910D743-0E57-DB50-4793-828861626D40}.Debug|x64.Build.0 = Debug|Any CPU
		{C910D743-0E57-DB50-4793-828861626D40}.Debug|x86.ActiveCfg = Debug|Any CPU
		{C910D743-0E57-DB50-4793-828861626D40}.Debug|x86.Build.0 = Debug|Any CPU
		{C910D743-0E57-DB50-4793-828861626D40}.Release|Any CPU.ActiveCfg = Release|Any CPU
		{C910D743-0E57-DB50-4793-828861626D40}.Release|Any CPU.Build.0 = Release|Any CPU
		{C910D743-0E57-DB50-4793-828861626D40}.Release|x64.ActiveCfg = Release|Any CPU
		{C910D743-0E57-DB50-4793-828861626D40}.Release|x64.Build.0 = Release|Any CPU
		{C910D743-0E57-DB50-4793-828861626D40}.Release|x86.ActiveCfg = Release|Any CPU
		{C910D743-0E57-DB50-4793-828861626D40}.Release|x86.Build.0 = Release|Any CPU
		{2D5B2CF0-9618-47AE-B3D4-56EAD83AEA03}.Debug|Any CPU.ActiveCfg = Debug|Any CPU
		{2D5B2CF0-9618-47AE-B3D4-56EAD83AEA03}.Debug|Any CPU.Build.0 = Debug|Any CPU
		{2D5B2CF0-9618-47AE-B3D4-56EAD83AEA03}.Debug|x64.ActiveCfg = Debug|Any CPU
		{2D5B2CF0-9618-47AE-B3D4-56EAD83AEA03}.Debug|x64.Build.0 = Debug|Any CPU
		{2D5B2CF0-9618-47AE-B3D4-56EAD83AEA03}.Debug|x86.ActiveCfg = Debug|Any CPU
		{2D5B2CF0-9618-47AE-B3D4-56EAD83AEA03}.Debug|x86.Build.0 = Debug|Any CPU
		{2D5B2CF0-9618-47AE-B3D4-56EAD83AEA03}.Release|Any CPU.ActiveCfg = Release|Any CPU
		{2D5B2CF0-9618-47AE-B3D4-56EAD83AEA03}.Release|Any CPU.Build.0 = Release|Any CPU
		{2D5B2CF0-9618-47AE-B3D4-56EAD83AEA03}.Release|x64.ActiveCfg = Release|Any CPU
		{2D5B2CF0-9618-47AE-B3D4-56EAD83AEA03}.Release|x64.Build.0 = Release|Any CPU
		{2D5B2CF0-9618-47AE-B3D4-56EAD83AEA03}.Release|x86.ActiveCfg = Release|Any CPU
		{2D5B2CF0-9618-47AE-B3D4-56EAD83AEA03}.Release|x86.Build.0 = Release|Any CPU
		{CEAC6EA4-86DA-4DF4-9904-E1DB292670FE}.Debug|Any CPU.ActiveCfg = Debug|Any CPU
		{CEAC6EA4-86DA-4DF4-9904-E1DB292670FE}.Debug|Any CPU.Build.0 = Debug|Any CPU
		{CEAC6EA4-86DA-4DF4-9904-E1DB292670FE}.Debug|x64.ActiveCfg = Debug|Any CPU
		{CEAC6EA4-86DA-4DF4-9904-E1DB292670FE}.Debug|x64.Build.0 = Debug|Any CPU
		{CEAC6EA4-86DA-4DF4-9904-E1DB292670FE}.Debug|x86.ActiveCfg = Debug|Any CPU
		{CEAC6EA4-86DA-4DF4-9904-E1DB292670FE}.Debug|x86.Build.0 = Debug|Any CPU
		{CEAC6EA4-86DA-4DF4-9904-E1DB292670FE}.Release|Any CPU.ActiveCfg = Release|Any CPU
		{CEAC6EA4-86DA-4DF4-9904-E1DB292670FE}.Release|Any CPU.Build.0 = Release|Any CPU
		{CEAC6EA4-86DA-4DF4-9904-E1DB292670FE}.Release|x64.ActiveCfg = Release|Any CPU
		{CEAC6EA4-86DA-4DF4-9904-E1DB292670FE}.Release|x64.Build.0 = Release|Any CPU
		{CEAC6EA4-86DA-4DF4-9904-E1DB292670FE}.Release|x86.ActiveCfg = Release|Any CPU
		{CEAC6EA4-86DA-4DF4-9904-E1DB292670FE}.Release|x86.Build.0 = Release|Any CPU
		{531F6754-56AE-4CC6-ABA8-E52D7D349EE3}.Debug|Any CPU.ActiveCfg = Debug|Any CPU
		{531F6754-56AE-4CC6-ABA8-E52D7D349EE3}.Debug|Any CPU.Build.0 = Debug|Any CPU
		{531F6754-56AE-4CC6-ABA8-E52D7D349EE3}.Debug|x64.ActiveCfg = Debug|Any CPU
		{531F6754-56AE-4CC6-ABA8-E52D7D349EE3}.Debug|x64.Build.0 = Debug|Any CPU
		{531F6754-56AE-4CC6-ABA8-E52D7D349EE3}.Debug|x86.ActiveCfg = Debug|Any CPU
		{531F6754-56AE-4CC6-ABA8-E52D7D349EE3}.Debug|x86.Build.0 = Debug|Any CPU
		{531F6754-56AE-4CC6-ABA8-E52D7D349EE3}.Release|Any CPU.ActiveCfg = Release|Any CPU
		{531F6754-56AE-4CC6-ABA8-E52D7D349EE3}.Release|Any CPU.Build.0 = Release|Any CPU
		{531F6754-56AE-4CC6-ABA8-E52D7D349EE3}.Release|x64.ActiveCfg = Release|Any CPU
		{531F6754-56AE-4CC6-ABA8-E52D7D349EE3}.Release|x64.Build.0 = Release|Any CPU
		{531F6754-56AE-4CC6-ABA8-E52D7D349EE3}.Release|x86.ActiveCfg = Release|Any CPU
		{531F6754-56AE-4CC6-ABA8-E52D7D349EE3}.Release|x86.Build.0 = Release|Any CPU
		{DA7DCACD-D8FC-47D2-8510-DE2BAAF897B3}.Debug|Any CPU.ActiveCfg = Debug|Any CPU
		{DA7DCACD-D8FC-47D2-8510-DE2BAAF897B3}.Debug|Any CPU.Build.0 = Debug|Any CPU
		{DA7DCACD-D8FC-47D2-8510-DE2BAAF897B3}.Debug|x64.ActiveCfg = Debug|Any CPU
		{DA7DCACD-D8FC-47D2-8510-DE2BAAF897B3}.Debug|x64.Build.0 = Debug|Any CPU
		{DA7DCACD-D8FC-47D2-8510-DE2BAAF897B3}.Debug|x86.ActiveCfg = Debug|Any CPU
		{DA7DCACD-D8FC-47D2-8510-DE2BAAF897B3}.Debug|x86.Build.0 = Debug|Any CPU
		{DA7DCACD-D8FC-47D2-8510-DE2BAAF897B3}.Release|Any CPU.ActiveCfg = Release|Any CPU
		{DA7DCACD-D8FC-47D2-8510-DE2BAAF897B3}.Release|Any CPU.Build.0 = Release|Any CPU
		{DA7DCACD-D8FC-47D2-8510-DE2BAAF897B3}.Release|x64.ActiveCfg = Release|Any CPU
		{DA7DCACD-D8FC-47D2-8510-DE2BAAF897B3}.Release|x64.Build.0 = Release|Any CPU
		{DA7DCACD-D8FC-47D2-8510-DE2BAAF897B3}.Release|x86.ActiveCfg = Release|Any CPU
		{DA7DCACD-D8FC-47D2-8510-DE2BAAF897B3}.Release|x86.Build.0 = Release|Any CPU
		{513C672D-2DA9-4BFA-834E-128BA7D4A5C7}.Debug|Any CPU.ActiveCfg = Debug|Any CPU
		{513C672D-2DA9-4BFA-834E-128BA7D4A5C7}.Debug|Any CPU.Build.0 = Debug|Any CPU
		{513C672D-2DA9-4BFA-834E-128BA7D4A5C7}.Debug|x64.ActiveCfg = Debug|Any CPU
		{513C672D-2DA9-4BFA-834E-128BA7D4A5C7}.Debug|x64.Build.0 = Debug|Any CPU
		{513C672D-2DA9-4BFA-834E-128BA7D4A5C7}.Debug|x86.ActiveCfg = Debug|Any CPU
		{513C672D-2DA9-4BFA-834E-128BA7D4A5C7}.Debug|x86.Build.0 = Debug|Any CPU
		{513C672D-2DA9-4BFA-834E-128BA7D4A5C7}.Release|Any CPU.ActiveCfg = Release|Any CPU
		{513C672D-2DA9-4BFA-834E-128BA7D4A5C7}.Release|Any CPU.Build.0 = Release|Any CPU
		{513C672D-2DA9-4BFA-834E-128BA7D4A5C7}.Release|x64.ActiveCfg = Release|Any CPU
		{513C672D-2DA9-4BFA-834E-128BA7D4A5C7}.Release|x64.Build.0 = Release|Any CPU
		{513C672D-2DA9-4BFA-834E-128BA7D4A5C7}.Release|x86.ActiveCfg = Release|Any CPU
		{513C672D-2DA9-4BFA-834E-128BA7D4A5C7}.Release|x86.Build.0 = Release|Any CPU
		{295AB2DF-F6E9-451D-A4CF-924B3EE85946}.Debug|Any CPU.ActiveCfg = Debug|Any CPU
		{295AB2DF-F6E9-451D-A4CF-924B3EE85946}.Debug|Any CPU.Build.0 = Debug|Any CPU
		{295AB2DF-F6E9-451D-A4CF-924B3EE85946}.Debug|x64.ActiveCfg = Debug|Any CPU
		{295AB2DF-F6E9-451D-A4CF-924B3EE85946}.Debug|x64.Build.0 = Debug|Any CPU
		{295AB2DF-F6E9-451D-A4CF-924B3EE85946}.Debug|x86.ActiveCfg = Debug|Any CPU
		{295AB2DF-F6E9-451D-A4CF-924B3EE85946}.Debug|x86.Build.0 = Debug|Any CPU
		{295AB2DF-F6E9-451D-A4CF-924B3EE85946}.Release|Any CPU.ActiveCfg = Release|Any CPU
		{295AB2DF-F6E9-451D-A4CF-924B3EE85946}.Release|Any CPU.Build.0 = Release|Any CPU
		{295AB2DF-F6E9-451D-A4CF-924B3EE85946}.Release|x64.ActiveCfg = Release|Any CPU
		{295AB2DF-F6E9-451D-A4CF-924B3EE85946}.Release|x64.Build.0 = Release|Any CPU
		{295AB2DF-F6E9-451D-A4CF-924B3EE85946}.Release|x86.ActiveCfg = Release|Any CPU
		{295AB2DF-F6E9-451D-A4CF-924B3EE85946}.Release|x86.Build.0 = Release|Any CPU
		{365D85CF-3465-4302-818F-BA998CB17504}.Debug|Any CPU.ActiveCfg = Debug|Any CPU
		{365D85CF-3465-4302-818F-BA998CB17504}.Debug|Any CPU.Build.0 = Debug|Any CPU
		{365D85CF-3465-4302-818F-BA998CB17504}.Debug|x64.ActiveCfg = Debug|Any CPU
		{365D85CF-3465-4302-818F-BA998CB17504}.Debug|x64.Build.0 = Debug|Any CPU
		{365D85CF-3465-4302-818F-BA998CB17504}.Debug|x86.ActiveCfg = Debug|Any CPU
		{365D85CF-3465-4302-818F-BA998CB17504}.Debug|x86.Build.0 = Debug|Any CPU
		{365D85CF-3465-4302-818F-BA998CB17504}.Release|Any CPU.ActiveCfg = Release|Any CPU
		{365D85CF-3465-4302-818F-BA998CB17504}.Release|Any CPU.Build.0 = Release|Any CPU
		{365D85CF-3465-4302-818F-BA998CB17504}.Release|x64.ActiveCfg = Release|Any CPU
		{365D85CF-3465-4302-818F-BA998CB17504}.Release|x64.Build.0 = Release|Any CPU
		{365D85CF-3465-4302-818F-BA998CB17504}.Release|x86.ActiveCfg = Release|Any CPU
		{365D85CF-3465-4302-818F-BA998CB17504}.Release|x86.Build.0 = Release|Any CPU
		{653591C8-648C-4441-B8F5-EC73C14E1FFC}.Debug|Any CPU.ActiveCfg = Debug|Any CPU
		{653591C8-648C-4441-B8F5-EC73C14E1FFC}.Debug|Any CPU.Build.0 = Debug|Any CPU
		{653591C8-648C-4441-B8F5-EC73C14E1FFC}.Debug|x64.ActiveCfg = Debug|Any CPU
		{653591C8-648C-4441-B8F5-EC73C14E1FFC}.Debug|x64.Build.0 = Debug|Any CPU
		{653591C8-648C-4441-B8F5-EC73C14E1FFC}.Debug|x86.ActiveCfg = Debug|Any CPU
		{653591C8-648C-4441-B8F5-EC73C14E1FFC}.Debug|x86.Build.0 = Debug|Any CPU
		{653591C8-648C-4441-B8F5-EC73C14E1FFC}.Release|Any CPU.ActiveCfg = Release|Any CPU
		{653591C8-648C-4441-B8F5-EC73C14E1FFC}.Release|Any CPU.Build.0 = Release|Any CPU
		{653591C8-648C-4441-B8F5-EC73C14E1FFC}.Release|x64.ActiveCfg = Release|Any CPU
		{653591C8-648C-4441-B8F5-EC73C14E1FFC}.Release|x64.Build.0 = Release|Any CPU
		{653591C8-648C-4441-B8F5-EC73C14E1FFC}.Release|x86.ActiveCfg = Release|Any CPU
		{653591C8-648C-4441-B8F5-EC73C14E1FFC}.Release|x86.Build.0 = Release|Any CPU
		{19E5C6EA-E083-4C6C-B602-1ACF3C1FDAD6}.Debug|Any CPU.ActiveCfg = Debug|Any CPU
		{19E5C6EA-E083-4C6C-B602-1ACF3C1FDAD6}.Debug|Any CPU.Build.0 = Debug|Any CPU
		{19E5C6EA-E083-4C6C-B602-1ACF3C1FDAD6}.Debug|x64.ActiveCfg = Debug|Any CPU
		{19E5C6EA-E083-4C6C-B602-1ACF3C1FDAD6}.Debug|x64.Build.0 = Debug|Any CPU
		{19E5C6EA-E083-4C6C-B602-1ACF3C1FDAD6}.Debug|x86.ActiveCfg = Debug|Any CPU
		{19E5C6EA-E083-4C6C-B602-1ACF3C1FDAD6}.Debug|x86.Build.0 = Debug|Any CPU
		{19E5C6EA-E083-4C6C-B602-1ACF3C1FDAD6}.Release|Any CPU.ActiveCfg = Release|Any CPU
		{19E5C6EA-E083-4C6C-B602-1ACF3C1FDAD6}.Release|Any CPU.Build.0 = Release|Any CPU
		{19E5C6EA-E083-4C6C-B602-1ACF3C1FDAD6}.Release|x64.ActiveCfg = Release|Any CPU
		{19E5C6EA-E083-4C6C-B602-1ACF3C1FDAD6}.Release|x64.Build.0 = Release|Any CPU
		{19E5C6EA-E083-4C6C-B602-1ACF3C1FDAD6}.Release|x86.ActiveCfg = Release|Any CPU
		{19E5C6EA-E083-4C6C-B602-1ACF3C1FDAD6}.Release|x86.Build.0 = Release|Any CPU
		{B93B5B85-359E-4A99-A0A9-B7D08AA51EB0}.Debug|Any CPU.ActiveCfg = Debug|Any CPU
		{B93B5B85-359E-4A99-A0A9-B7D08AA51EB0}.Debug|Any CPU.Build.0 = Debug|Any CPU
		{B93B5B85-359E-4A99-A0A9-B7D08AA51EB0}.Debug|x64.ActiveCfg = Debug|Any CPU
		{B93B5B85-359E-4A99-A0A9-B7D08AA51EB0}.Debug|x64.Build.0 = Debug|Any CPU
		{B93B5B85-359E-4A99-A0A9-B7D08AA51EB0}.Debug|x86.ActiveCfg = Debug|Any CPU
		{B93B5B85-359E-4A99-A0A9-B7D08AA51EB0}.Debug|x86.Build.0 = Debug|Any CPU
		{B93B5B85-359E-4A99-A0A9-B7D08AA51EB0}.Release|Any CPU.ActiveCfg = Release|Any CPU
		{B93B5B85-359E-4A99-A0A9-B7D08AA51EB0}.Release|Any CPU.Build.0 = Release|Any CPU
		{B93B5B85-359E-4A99-A0A9-B7D08AA51EB0}.Release|x64.ActiveCfg = Release|Any CPU
		{B93B5B85-359E-4A99-A0A9-B7D08AA51EB0}.Release|x64.Build.0 = Release|Any CPU
		{B93B5B85-359E-4A99-A0A9-B7D08AA51EB0}.Release|x86.ActiveCfg = Release|Any CPU
		{B93B5B85-359E-4A99-A0A9-B7D08AA51EB0}.Release|x86.Build.0 = Release|Any CPU
		{45CF6B09-6881-494E-A7B6-8FB2797527CF}.Debug|Any CPU.ActiveCfg = Debug|Any CPU
		{45CF6B09-6881-494E-A7B6-8FB2797527CF}.Debug|Any CPU.Build.0 = Debug|Any CPU
		{45CF6B09-6881-494E-A7B6-8FB2797527CF}.Debug|x64.ActiveCfg = Debug|Any CPU
		{45CF6B09-6881-494E-A7B6-8FB2797527CF}.Debug|x64.Build.0 = Debug|Any CPU
		{45CF6B09-6881-494E-A7B6-8FB2797527CF}.Debug|x86.ActiveCfg = Debug|Any CPU
		{45CF6B09-6881-494E-A7B6-8FB2797527CF}.Debug|x86.Build.0 = Debug|Any CPU
		{45CF6B09-6881-494E-A7B6-8FB2797527CF}.Release|Any CPU.ActiveCfg = Release|Any CPU
		{45CF6B09-6881-494E-A7B6-8FB2797527CF}.Release|Any CPU.Build.0 = Release|Any CPU
		{45CF6B09-6881-494E-A7B6-8FB2797527CF}.Release|x64.ActiveCfg = Release|Any CPU
		{45CF6B09-6881-494E-A7B6-8FB2797527CF}.Release|x64.Build.0 = Release|Any CPU
		{45CF6B09-6881-494E-A7B6-8FB2797527CF}.Release|x86.ActiveCfg = Release|Any CPU
		{45CF6B09-6881-494E-A7B6-8FB2797527CF}.Release|x86.Build.0 = Release|Any CPU
		{D50FEF19-074D-46C2-A590-C8C2856FF91A}.Debug|Any CPU.ActiveCfg = Debug|Any CPU
		{D50FEF19-074D-46C2-A590-C8C2856FF91A}.Debug|Any CPU.Build.0 = Debug|Any CPU
		{D50FEF19-074D-46C2-A590-C8C2856FF91A}.Debug|x64.ActiveCfg = Debug|Any CPU
		{D50FEF19-074D-46C2-A590-C8C2856FF91A}.Debug|x64.Build.0 = Debug|Any CPU
		{D50FEF19-074D-46C2-A590-C8C2856FF91A}.Debug|x86.ActiveCfg = Debug|Any CPU
		{D50FEF19-074D-46C2-A590-C8C2856FF91A}.Debug|x86.Build.0 = Debug|Any CPU
		{D50FEF19-074D-46C2-A590-C8C2856FF91A}.Release|Any CPU.ActiveCfg = Release|Any CPU
		{D50FEF19-074D-46C2-A590-C8C2856FF91A}.Release|Any CPU.Build.0 = Release|Any CPU
		{D50FEF19-074D-46C2-A590-C8C2856FF91A}.Release|x64.ActiveCfg = Release|Any CPU
		{D50FEF19-074D-46C2-A590-C8C2856FF91A}.Release|x64.Build.0 = Release|Any CPU
		{D50FEF19-074D-46C2-A590-C8C2856FF91A}.Release|x86.ActiveCfg = Release|Any CPU
		{D50FEF19-074D-46C2-A590-C8C2856FF91A}.Release|x86.Build.0 = Release|Any CPU
		{11DCA70A-6ABC-4DD2-A86A-41D6E018817B}.Debug|Any CPU.ActiveCfg = Debug|Any CPU
		{11DCA70A-6ABC-4DD2-A86A-41D6E018817B}.Debug|Any CPU.Build.0 = Debug|Any CPU
		{11DCA70A-6ABC-4DD2-A86A-41D6E018817B}.Debug|x64.ActiveCfg = Debug|Any CPU
		{11DCA70A-6ABC-4DD2-A86A-41D6E018817B}.Debug|x64.Build.0 = Debug|Any CPU
		{11DCA70A-6ABC-4DD2-A86A-41D6E018817B}.Debug|x86.ActiveCfg = Debug|Any CPU
		{11DCA70A-6ABC-4DD2-A86A-41D6E018817B}.Debug|x86.Build.0 = Debug|Any CPU
		{11DCA70A-6ABC-4DD2-A86A-41D6E018817B}.Release|Any CPU.ActiveCfg = Release|Any CPU
		{11DCA70A-6ABC-4DD2-A86A-41D6E018817B}.Release|Any CPU.Build.0 = Release|Any CPU
		{11DCA70A-6ABC-4DD2-A86A-41D6E018817B}.Release|x64.ActiveCfg = Release|Any CPU
		{11DCA70A-6ABC-4DD2-A86A-41D6E018817B}.Release|x64.Build.0 = Release|Any CPU
		{11DCA70A-6ABC-4DD2-A86A-41D6E018817B}.Release|x86.ActiveCfg = Release|Any CPU
		{11DCA70A-6ABC-4DD2-A86A-41D6E018817B}.Release|x86.Build.0 = Release|Any CPU
		{DFCDF0D3-99EF-4D9B-927E-7C339DBC2545}.Debug|Any CPU.ActiveCfg = Debug|Any CPU
		{DFCDF0D3-99EF-4D9B-927E-7C339DBC2545}.Debug|Any CPU.Build.0 = Debug|Any CPU
		{DFCDF0D3-99EF-4D9B-927E-7C339DBC2545}.Debug|x64.ActiveCfg = Debug|Any CPU
		{DFCDF0D3-99EF-4D9B-927E-7C339DBC2545}.Debug|x64.Build.0 = Debug|Any CPU
		{DFCDF0D3-99EF-4D9B-927E-7C339DBC2545}.Debug|x86.ActiveCfg = Debug|Any CPU
		{DFCDF0D3-99EF-4D9B-927E-7C339DBC2545}.Debug|x86.Build.0 = Debug|Any CPU
		{DFCDF0D3-99EF-4D9B-927E-7C339DBC2545}.Release|Any CPU.ActiveCfg = Release|Any CPU
		{DFCDF0D3-99EF-4D9B-927E-7C339DBC2545}.Release|Any CPU.Build.0 = Release|Any CPU
		{DFCDF0D3-99EF-4D9B-927E-7C339DBC2545}.Release|x64.ActiveCfg = Release|Any CPU
		{DFCDF0D3-99EF-4D9B-927E-7C339DBC2545}.Release|x64.Build.0 = Release|Any CPU
		{DFCDF0D3-99EF-4D9B-927E-7C339DBC2545}.Release|x86.ActiveCfg = Release|Any CPU
		{DFCDF0D3-99EF-4D9B-927E-7C339DBC2545}.Release|x86.Build.0 = Release|Any CPU
		{31757409-5FB8-4DAC-9FDD-34D23CEBCA33}.Debug|Any CPU.ActiveCfg = Debug|Any CPU
		{31757409-5FB8-4DAC-9FDD-34D23CEBCA33}.Debug|Any CPU.Build.0 = Debug|Any CPU
		{31757409-5FB8-4DAC-9FDD-34D23CEBCA33}.Debug|x64.ActiveCfg = Debug|Any CPU
		{31757409-5FB8-4DAC-9FDD-34D23CEBCA33}.Debug|x64.Build.0 = Debug|Any CPU
		{31757409-5FB8-4DAC-9FDD-34D23CEBCA33}.Debug|x86.ActiveCfg = Debug|Any CPU
		{31757409-5FB8-4DAC-9FDD-34D23CEBCA33}.Debug|x86.Build.0 = Debug|Any CPU
		{31757409-5FB8-4DAC-9FDD-34D23CEBCA33}.Release|Any CPU.ActiveCfg = Release|Any CPU
		{31757409-5FB8-4DAC-9FDD-34D23CEBCA33}.Release|Any CPU.Build.0 = Release|Any CPU
		{31757409-5FB8-4DAC-9FDD-34D23CEBCA33}.Release|x64.ActiveCfg = Release|Any CPU
		{31757409-5FB8-4DAC-9FDD-34D23CEBCA33}.Release|x64.Build.0 = Release|Any CPU
		{31757409-5FB8-4DAC-9FDD-34D23CEBCA33}.Release|x86.ActiveCfg = Release|Any CPU
		{31757409-5FB8-4DAC-9FDD-34D23CEBCA33}.Release|x86.Build.0 = Release|Any CPU
		{AF247C87-0496-47FE-9276-2CD05C9B7005}.Debug|Any CPU.ActiveCfg = Debug|Any CPU
		{AF247C87-0496-47FE-9276-2CD05C9B7005}.Debug|Any CPU.Build.0 = Debug|Any CPU
		{AF247C87-0496-47FE-9276-2CD05C9B7005}.Debug|x64.ActiveCfg = Debug|Any CPU
		{AF247C87-0496-47FE-9276-2CD05C9B7005}.Debug|x64.Build.0 = Debug|Any CPU
		{AF247C87-0496-47FE-9276-2CD05C9B7005}.Debug|x86.ActiveCfg = Debug|Any CPU
		{AF247C87-0496-47FE-9276-2CD05C9B7005}.Debug|x86.Build.0 = Debug|Any CPU
		{AF247C87-0496-47FE-9276-2CD05C9B7005}.Release|Any CPU.ActiveCfg = Release|Any CPU
		{AF247C87-0496-47FE-9276-2CD05C9B7005}.Release|Any CPU.Build.0 = Release|Any CPU
		{AF247C87-0496-47FE-9276-2CD05C9B7005}.Release|x64.ActiveCfg = Release|Any CPU
		{AF247C87-0496-47FE-9276-2CD05C9B7005}.Release|x64.Build.0 = Release|Any CPU
		{AF247C87-0496-47FE-9276-2CD05C9B7005}.Release|x86.ActiveCfg = Release|Any CPU
		{AF247C87-0496-47FE-9276-2CD05C9B7005}.Release|x86.Build.0 = Release|Any CPU
		{0F567CD4-4969-40EF-9036-5E144B472B01}.Debug|Any CPU.ActiveCfg = Debug|Any CPU
		{0F567CD4-4969-40EF-9036-5E144B472B01}.Debug|Any CPU.Build.0 = Debug|Any CPU
		{0F567CD4-4969-40EF-9036-5E144B472B01}.Debug|x64.ActiveCfg = Debug|Any CPU
		{0F567CD4-4969-40EF-9036-5E144B472B01}.Debug|x64.Build.0 = Debug|Any CPU
		{0F567CD4-4969-40EF-9036-5E144B472B01}.Debug|x86.ActiveCfg = Debug|Any CPU
		{0F567CD4-4969-40EF-9036-5E144B472B01}.Debug|x86.Build.0 = Debug|Any CPU
		{0F567CD4-4969-40EF-9036-5E144B472B01}.Release|Any CPU.ActiveCfg = Release|Any CPU
		{0F567CD4-4969-40EF-9036-5E144B472B01}.Release|Any CPU.Build.0 = Release|Any CPU
		{0F567CD4-4969-40EF-9036-5E144B472B01}.Release|x64.ActiveCfg = Release|Any CPU
		{0F567CD4-4969-40EF-9036-5E144B472B01}.Release|x64.Build.0 = Release|Any CPU
		{0F567CD4-4969-40EF-9036-5E144B472B01}.Release|x86.ActiveCfg = Release|Any CPU
		{0F567CD4-4969-40EF-9036-5E144B472B01}.Release|x86.Build.0 = Release|Any CPU
		{A5E313D5-6007-4F35-9612-ECA95190471F}.Debug|Any CPU.ActiveCfg = Debug|Any CPU
		{A5E313D5-6007-4F35-9612-ECA95190471F}.Debug|Any CPU.Build.0 = Debug|Any CPU
		{A5E313D5-6007-4F35-9612-ECA95190471F}.Debug|x64.ActiveCfg = Debug|Any CPU
		{A5E313D5-6007-4F35-9612-ECA95190471F}.Debug|x64.Build.0 = Debug|Any CPU
		{A5E313D5-6007-4F35-9612-ECA95190471F}.Debug|x86.ActiveCfg = Debug|Any CPU
		{A5E313D5-6007-4F35-9612-ECA95190471F}.Debug|x86.Build.0 = Debug|Any CPU
		{A5E313D5-6007-4F35-9612-ECA95190471F}.Release|Any CPU.ActiveCfg = Release|Any CPU
		{A5E313D5-6007-4F35-9612-ECA95190471F}.Release|Any CPU.Build.0 = Release|Any CPU
		{A5E313D5-6007-4F35-9612-ECA95190471F}.Release|x64.ActiveCfg = Release|Any CPU
		{A5E313D5-6007-4F35-9612-ECA95190471F}.Release|x64.Build.0 = Release|Any CPU
		{A5E313D5-6007-4F35-9612-ECA95190471F}.Release|x86.ActiveCfg = Release|Any CPU
		{A5E313D5-6007-4F35-9612-ECA95190471F}.Release|x86.Build.0 = Release|Any CPU
		{D895602E-1AFA-48B5-972A-23DCB2276215}.Debug|Any CPU.ActiveCfg = Debug|Any CPU
		{D895602E-1AFA-48B5-972A-23DCB2276215}.Debug|Any CPU.Build.0 = Debug|Any CPU
		{D895602E-1AFA-48B5-972A-23DCB2276215}.Debug|x64.ActiveCfg = Debug|Any CPU
		{D895602E-1AFA-48B5-972A-23DCB2276215}.Debug|x64.Build.0 = Debug|Any CPU
		{D895602E-1AFA-48B5-972A-23DCB2276215}.Debug|x86.ActiveCfg = Debug|Any CPU
		{D895602E-1AFA-48B5-972A-23DCB2276215}.Debug|x86.Build.0 = Debug|Any CPU
		{D895602E-1AFA-48B5-972A-23DCB2276215}.Release|Any CPU.ActiveCfg = Release|Any CPU
		{D895602E-1AFA-48B5-972A-23DCB2276215}.Release|Any CPU.Build.0 = Release|Any CPU
		{D895602E-1AFA-48B5-972A-23DCB2276215}.Release|x64.ActiveCfg = Release|Any CPU
		{D895602E-1AFA-48B5-972A-23DCB2276215}.Release|x64.Build.0 = Release|Any CPU
		{D895602E-1AFA-48B5-972A-23DCB2276215}.Release|x86.ActiveCfg = Release|Any CPU
		{D895602E-1AFA-48B5-972A-23DCB2276215}.Release|x86.Build.0 = Release|Any CPU
		{A434DECE-E1FD-4BF1-9762-BCEE1DD15539}.Debug|Any CPU.ActiveCfg = Debug|Any CPU
		{A434DECE-E1FD-4BF1-9762-BCEE1DD15539}.Debug|Any CPU.Build.0 = Debug|Any CPU
		{A434DECE-E1FD-4BF1-9762-BCEE1DD15539}.Debug|x64.ActiveCfg = Debug|Any CPU
		{A434DECE-E1FD-4BF1-9762-BCEE1DD15539}.Debug|x64.Build.0 = Debug|Any CPU
		{A434DECE-E1FD-4BF1-9762-BCEE1DD15539}.Debug|x86.ActiveCfg = Debug|Any CPU
		{A434DECE-E1FD-4BF1-9762-BCEE1DD15539}.Debug|x86.Build.0 = Debug|Any CPU
		{A434DECE-E1FD-4BF1-9762-BCEE1DD15539}.Release|Any CPU.ActiveCfg = Release|Any CPU
		{A434DECE-E1FD-4BF1-9762-BCEE1DD15539}.Release|Any CPU.Build.0 = Release|Any CPU
		{A434DECE-E1FD-4BF1-9762-BCEE1DD15539}.Release|x64.ActiveCfg = Release|Any CPU
		{A434DECE-E1FD-4BF1-9762-BCEE1DD15539}.Release|x64.Build.0 = Release|Any CPU
		{A434DECE-E1FD-4BF1-9762-BCEE1DD15539}.Release|x86.ActiveCfg = Release|Any CPU
		{A434DECE-E1FD-4BF1-9762-BCEE1DD15539}.Release|x86.Build.0 = Release|Any CPU
		{3106A7A4-1141-4E2A-BBC5-CBFDBC002026}.Debug|Any CPU.ActiveCfg = Debug|Any CPU
		{3106A7A4-1141-4E2A-BBC5-CBFDBC002026}.Debug|Any CPU.Build.0 = Debug|Any CPU
		{3106A7A4-1141-4E2A-BBC5-CBFDBC002026}.Debug|x64.ActiveCfg = Debug|Any CPU
		{3106A7A4-1141-4E2A-BBC5-CBFDBC002026}.Debug|x64.Build.0 = Debug|Any CPU
		{3106A7A4-1141-4E2A-BBC5-CBFDBC002026}.Debug|x86.ActiveCfg = Debug|Any CPU
		{3106A7A4-1141-4E2A-BBC5-CBFDBC002026}.Debug|x86.Build.0 = Debug|Any CPU
		{3106A7A4-1141-4E2A-BBC5-CBFDBC002026}.Release|Any CPU.ActiveCfg = Release|Any CPU
		{3106A7A4-1141-4E2A-BBC5-CBFDBC002026}.Release|Any CPU.Build.0 = Release|Any CPU
		{3106A7A4-1141-4E2A-BBC5-CBFDBC002026}.Release|x64.ActiveCfg = Release|Any CPU
		{3106A7A4-1141-4E2A-BBC5-CBFDBC002026}.Release|x64.Build.0 = Release|Any CPU
		{3106A7A4-1141-4E2A-BBC5-CBFDBC002026}.Release|x86.ActiveCfg = Release|Any CPU
		{3106A7A4-1141-4E2A-BBC5-CBFDBC002026}.Release|x86.Build.0 = Release|Any CPU
		{2C9EB16D-6409-4348-AA0A-8388D0813D59}.Debug|Any CPU.ActiveCfg = Debug|Any CPU
		{2C9EB16D-6409-4348-AA0A-8388D0813D59}.Debug|Any CPU.Build.0 = Debug|Any CPU
		{2C9EB16D-6409-4348-AA0A-8388D0813D59}.Debug|x64.ActiveCfg = Debug|Any CPU
		{2C9EB16D-6409-4348-AA0A-8388D0813D59}.Debug|x64.Build.0 = Debug|Any CPU
		{2C9EB16D-6409-4348-AA0A-8388D0813D59}.Debug|x86.ActiveCfg = Debug|Any CPU
		{2C9EB16D-6409-4348-AA0A-8388D0813D59}.Debug|x86.Build.0 = Debug|Any CPU
		{2C9EB16D-6409-4348-AA0A-8388D0813D59}.Release|Any CPU.ActiveCfg = Release|Any CPU
		{2C9EB16D-6409-4348-AA0A-8388D0813D59}.Release|Any CPU.Build.0 = Release|Any CPU
		{2C9EB16D-6409-4348-AA0A-8388D0813D59}.Release|x64.ActiveCfg = Release|Any CPU
		{2C9EB16D-6409-4348-AA0A-8388D0813D59}.Release|x64.Build.0 = Release|Any CPU
		{2C9EB16D-6409-4348-AA0A-8388D0813D59}.Release|x86.ActiveCfg = Release|Any CPU
		{2C9EB16D-6409-4348-AA0A-8388D0813D59}.Release|x86.Build.0 = Release|Any CPU
		{70E8C7F7-0896-4011-B52A-E48A56897C16}.Debug|Any CPU.ActiveCfg = Debug|Any CPU
		{70E8C7F7-0896-4011-B52A-E48A56897C16}.Debug|Any CPU.Build.0 = Debug|Any CPU
		{70E8C7F7-0896-4011-B52A-E48A56897C16}.Debug|x64.ActiveCfg = Debug|Any CPU
		{70E8C7F7-0896-4011-B52A-E48A56897C16}.Debug|x64.Build.0 = Debug|Any CPU
		{70E8C7F7-0896-4011-B52A-E48A56897C16}.Debug|x86.ActiveCfg = Debug|Any CPU
		{70E8C7F7-0896-4011-B52A-E48A56897C16}.Debug|x86.Build.0 = Debug|Any CPU
		{70E8C7F7-0896-4011-B52A-E48A56897C16}.Release|Any CPU.ActiveCfg = Release|Any CPU
		{70E8C7F7-0896-4011-B52A-E48A56897C16}.Release|Any CPU.Build.0 = Release|Any CPU
		{70E8C7F7-0896-4011-B52A-E48A56897C16}.Release|x64.ActiveCfg = Release|Any CPU
		{70E8C7F7-0896-4011-B52A-E48A56897C16}.Release|x64.Build.0 = Release|Any CPU
		{70E8C7F7-0896-4011-B52A-E48A56897C16}.Release|x86.ActiveCfg = Release|Any CPU
		{70E8C7F7-0896-4011-B52A-E48A56897C16}.Release|x86.Build.0 = Release|Any CPU
		{652FDE46-99D5-4888-9442-5D9E68C1DBDD}.Debug|Any CPU.ActiveCfg = Debug|Any CPU
		{652FDE46-99D5-4888-9442-5D9E68C1DBDD}.Debug|Any CPU.Build.0 = Debug|Any CPU
		{652FDE46-99D5-4888-9442-5D9E68C1DBDD}.Debug|x64.ActiveCfg = Debug|Any CPU
		{652FDE46-99D5-4888-9442-5D9E68C1DBDD}.Debug|x64.Build.0 = Debug|Any CPU
		{652FDE46-99D5-4888-9442-5D9E68C1DBDD}.Debug|x86.ActiveCfg = Debug|Any CPU
		{652FDE46-99D5-4888-9442-5D9E68C1DBDD}.Debug|x86.Build.0 = Debug|Any CPU
		{652FDE46-99D5-4888-9442-5D9E68C1DBDD}.Release|Any CPU.ActiveCfg = Release|Any CPU
		{652FDE46-99D5-4888-9442-5D9E68C1DBDD}.Release|Any CPU.Build.0 = Release|Any CPU
		{652FDE46-99D5-4888-9442-5D9E68C1DBDD}.Release|x64.ActiveCfg = Release|Any CPU
		{652FDE46-99D5-4888-9442-5D9E68C1DBDD}.Release|x64.Build.0 = Release|Any CPU
		{652FDE46-99D5-4888-9442-5D9E68C1DBDD}.Release|x86.ActiveCfg = Release|Any CPU
		{652FDE46-99D5-4888-9442-5D9E68C1DBDD}.Release|x86.Build.0 = Release|Any CPU
	EndGlobalSection
	GlobalSection(SolutionProperties) = preSolution
		HideSolutionNode = FALSE
	EndGlobalSection
	GlobalSection(NestedProjects) = preSolution
		{1DC92D69-4CAB-4DB8-B99A-423F6D781200} = {76126703-5C9A-4CEC-B67F-E2DE5A4C1042}
		{9D56A0DF-C96C-4FE2-889D-B873CC91DD6D} = {76126703-5C9A-4CEC-B67F-E2DE5A4C1042}
		{CFAF0E9E-A3B7-3A2D-7460-0855D03E2D08} = {5E9C8967-CBD4-F666-548E-A6C87C01890B}
		{3F7A4C0B-7A2A-4164-A7A2-8EF8A7EB92F0} = {CFAF0E9E-A3B7-3A2D-7460-0855D03E2D08}
		{331F4C71-4EE0-4B5B-BAB4-FA27CAFD6618} = {3F7A4C0B-7A2A-4164-A7A2-8EF8A7EB92F0}
		{18C4E1D3-054B-416D-8985-DB60DB9AC2D0} = {3F7A4C0B-7A2A-4164-A7A2-8EF8A7EB92F0}
		{A4D04517-BA66-46DE-A1CB-0A3F4D0B46D7} = {4989BEA5-5B52-4BFD-B777-3315EA34BA62}
		{B8EDC752-E5AB-1633-0324-2A5F8AD3D6BF} = {5E9C8967-CBD4-F666-548E-A6C87C01890B}
		{02EA681E-C7D8-13C7-8484-4AC65E1B71E8} = {5E9C8967-CBD4-F666-548E-A6C87C01890B}
		{C910D743-0E57-DB50-4793-828861626D40} = {08E2D685-CAD7-4EC5-849F-AF553B95D248}
		{08E2D685-CAD7-4EC5-849F-AF553B95D248} = {02EA681E-C7D8-13C7-8484-4AC65E1B71E8}
		{FC525DB4-7888-6E56-E4B4-5D4FC00A6283} = {3317B7B6-73DE-DDC0-A49B-A7D9AB8D7013}
		{E5E1D6D7-F8A4-0CA3-F792-441532B78A65} = {FC525DB4-7888-6E56-E4B4-5D4FC00A6283}
		{2D5B2CF0-9618-47AE-B3D4-56EAD83AEA03} = {E5E1D6D7-F8A4-0CA3-F792-441532B78A65}
		{CEAC6EA4-86DA-4DF4-9904-E1DB292670FE} = {E5E1D6D7-F8A4-0CA3-F792-441532B78A65}
		{531F6754-56AE-4CC6-ABA8-E52D7D349EE3} = {9B6051B2-5243-40B2-9F55-F3CC2FF794B7}
		{DA7DCACD-D8FC-47D2-8510-DE2BAAF897B3} = {7C8BF3D9-6CC0-4539-8CA0-21D0D6EC7A76}
		{513C672D-2DA9-4BFA-834E-128BA7D4A5C7} = {7C8BF3D9-6CC0-4539-8CA0-21D0D6EC7A76}
		{295AB2DF-F6E9-451D-A4CF-924B3EE85946} = {BD46BF94-83F1-4611-B0E5-CD70F4A2A24F}
		{BE0263AE-F103-4569-8242-FA94FC6CB026} = {3317B7B6-73DE-DDC0-A49B-A7D9AB8D7013}
		{9B6051B2-5243-40B2-9F55-F3CC2FF794B7} = {FC525DB4-7888-6E56-E4B4-5D4FC00A6283}
		{7C8BF3D9-6CC0-4539-8CA0-21D0D6EC7A76} = {BE0263AE-F103-4569-8242-FA94FC6CB026}
		{BD46BF94-83F1-4611-B0E5-CD70F4A2A24F} = {BE0263AE-F103-4569-8242-FA94FC6CB026}
		{71FEE256-6C57-43AE-9478-46A36901E001} = {3317B7B6-73DE-DDC0-A49B-A7D9AB8D7013}
		{F5E51B0F-93A1-4F4C-82F8-9BB8F4AC138C} = {3317B7B6-73DE-DDC0-A49B-A7D9AB8D7013}
		{4989BEA5-5B52-4BFD-B777-3315EA34BA62} = {02EA681E-C7D8-13C7-8484-4AC65E1B71E8}
		{A9518FE3-065C-17E5-B339-428680C7AC5E} = {34DFC7EB-D610-AD20-3560-2014A4FF57DA}
		{C8992C30-6330-E0CF-E00A-CCBE9FFB1AE7} = {A9518FE3-065C-17E5-B339-428680C7AC5E}
		{365D85CF-3465-4302-818F-BA998CB17504} = {C8992C30-6330-E0CF-E00A-CCBE9FFB1AE7}
		{653591C8-648C-4441-B8F5-EC73C14E1FFC} = {C27FA285-3D35-4BAC-AAAD-6CDDF4B4F298}
		{19E5C6EA-E083-4C6C-B602-1ACF3C1FDAD6} = {D8003A4B-1598-4461-A110-98BE360B9A93}
		{B93B5B85-359E-4A99-A0A9-B7D08AA51EB0} = {45D674A1-3A59-4303-89AA-01901BF0D86E}
		{45CF6B09-6881-494E-A7B6-8FB2797527CF} = {1C1E985C-B079-41B2-9A29-67F4C5FD4675}
		{D50FEF19-074D-46C2-A590-C8C2856FF91A} = {668F2E66-AAF3-430C-A0F5-11F72DBD8BB0}
		{658F31D0-AF0B-4B0D-8B22-962A9021AA2E} = {34DFC7EB-D610-AD20-3560-2014A4FF57DA}
		{03BDBA43-119C-4014-A905-854D232FD7BC} = {34DFC7EB-D610-AD20-3560-2014A4FF57DA}
		{C27FA285-3D35-4BAC-AAAD-6CDDF4B4F298} = {A9518FE3-065C-17E5-B339-428680C7AC5E}
		{45D674A1-3A59-4303-89AA-01901BF0D86E} = {658F31D0-AF0B-4B0D-8B22-962A9021AA2E}
		{D8003A4B-1598-4461-A110-98BE360B9A93} = {658F31D0-AF0B-4B0D-8B22-962A9021AA2E}
		{1C1E985C-B079-41B2-9A29-67F4C5FD4675} = {03BDBA43-119C-4014-A905-854D232FD7BC}
		{668F2E66-AAF3-430C-A0F5-11F72DBD8BB0} = {03BDBA43-119C-4014-A905-854D232FD7BC}
		{2D3B07B7-B01C-4C59-B651-6A47E6AF4EF0} = {34DFC7EB-D610-AD20-3560-2014A4FF57DA}
		{2E5D62C4-29B8-0774-8312-0A7EEE9C2DF7} = {17C1AC02-53F6-FE37-6069-914689DC9DF6}
		{10C3098F-87A0-B767-FB93-CE037EFCE35E} = {17C1AC02-53F6-FE37-6069-914689DC9DF6}
		{F0C00FC6-0B40-68E2-6329-4E02AD736237} = {17C1AC02-53F6-FE37-6069-914689DC9DF6}
		{DACD9306-FC8B-4CAB-3D52-4C186ACC50A9} = {17C1AC02-53F6-FE37-6069-914689DC9DF6}
		{11DCA70A-6ABC-4DD2-A86A-41D6E018817B} = {2E5D62C4-29B8-0774-8312-0A7EEE9C2DF7}
		{DFCDF0D3-99EF-4D9B-927E-7C339DBC2545} = {2E5D62C4-29B8-0774-8312-0A7EEE9C2DF7}
		{31757409-5FB8-4DAC-9FDD-34D23CEBCA33} = {10C3098F-87A0-B767-FB93-CE037EFCE35E}
		{AF247C87-0496-47FE-9276-2CD05C9B7005} = {10C3098F-87A0-B767-FB93-CE037EFCE35E}
		{0F567CD4-4969-40EF-9036-5E144B472B01} = {F0C00FC6-0B40-68E2-6329-4E02AD736237}
		{A5E313D5-6007-4F35-9612-ECA95190471F} = {F0C00FC6-0B40-68E2-6329-4E02AD736237}
		{D895602E-1AFA-48B5-972A-23DCB2276215} = {DACD9306-FC8B-4CAB-3D52-4C186ACC50A9}
		{A434DECE-E1FD-4BF1-9762-BCEE1DD15539} = {DACD9306-FC8B-4CAB-3D52-4C186ACC50A9}
		{B8A08F6F-1665-BE51-1D1C-1AE6C5D889D6} = {6D6D824A-973A-020F-CB5A-FEA82890E265}
		{3106A7A4-1141-4E2A-BBC5-CBFDBC002026} = {B8A08F6F-1665-BE51-1D1C-1AE6C5D889D6}
		{2C9EB16D-6409-4348-AA0A-8388D0813D59} = {B8A08F6F-1665-BE51-1D1C-1AE6C5D889D6}
		{34C97A32-80F3-C717-D85A-9398E0E2B71F} = {6D6D824A-973A-020F-CB5A-FEA82890E265}
		{70E8C7F7-0896-4011-B52A-E48A56897C16} = {34C97A32-80F3-C717-D85A-9398E0E2B71F}
		{652FDE46-99D5-4888-9442-5D9E68C1DBDD} = {34C97A32-80F3-C717-D85A-9398E0E2B71F}
	EndGlobalSection
	GlobalSection(ExtensibilityGlobals) = postSolution
		SolutionGuid = {2B1C8C7A-DBEA-4D39-9B50-CC1A56FDCC60}
	EndGlobalSection
EndGlobal
