
Microsoft Visual Studio Solution File, Format Version 12.00
# Visual Studio Version 17
VisualStudioVersion = 17.5.2.0
MinimumVisualStudioVersion = 10.0.40219.1
Project("{2150E333-8FDC-42A3-9474-1A3956D46DE8}") = "Semana1", "Semana1", "{76126703-5C9A-4CEC-B67F-E2DE5A4C1042}"
EndProject
Project("{FAE04EC0-301F-11D3-BF4B-00C04F79EFBC}") = "Ejercicio1", "Semana1\Ejercicio1\Ejercicio1.csproj", "{4C1EC437-E44C-353D-AC6A-67544497F156}"
EndProject
Project("{FAE04EC0-301F-11D3-BF4B-00C04F79EFBC}") = "Ejercicio2", "Semana1\Ejercicio2\Ejercicio2.csproj", "{9A936D61-1825-22E2-19E6-194B62D7A0C6}"
EndProject
Project("{2150E333-8FDC-42A3-9474-1A3956D46DE8}") = "Semana4", "Semana4", "{34DFC7EB-D610-AD20-3560-2014A4FF57DA}"
EndProject
Project("{FAE04EC0-301F-11D3-BF4B-00C04F79EFBC}") = "Ejercicio2", "Semana4\Ejercicio2\Ejercicio2.csproj", "{A38D5B95-8081-4A4D-A36A-6EAF514B63C4}"
EndProject
Project("{2150E333-8FDC-42A3-9474-1A3956D46DE8}") = "Ejercicio2", "Ejercicio2", "{953285DE-017E-C532-049C-F9F308249D38}"
EndProject
Project("{2150E333-8FDC-42A3-9474-1A3956D46DE8}") = "tests", "tests", "{57BE3DF0-B51B-A5E7-27F0-3FB081AFAD85}"
EndProject
Project("{FAE04EC0-301F-11D3-BF4B-00C04F79EFBC}") = "Ejercicio2.Tests", "Semana4\Ejercicio2\tests\Ejercicio2.Tests.csproj", "{B5C98558-A438-4CC1-801A-7942D6CFFAED}"
EndProject
Global
	GlobalSection(SolutionConfigurationPlatforms) = preSolution
		Debug|Any CPU = Debug|Any CPU
		Debug|x64 = Debug|x64
		Debug|x86 = Debug|x86
		Release|Any CPU = Release|Any CPU
		Release|x64 = Release|x64
		Release|x86 = Release|x86
	EndGlobalSection
	GlobalSection(ProjectConfigurationPlatforms) = postSolution
		{4C1EC437-E44C-353D-AC6A-67544497F156}.Debug|Any CPU.ActiveCfg = Debug|Any CPU
		{4C1EC437-E44C-353D-AC6A-67544497F156}.Debug|Any CPU.Build.0 = Debug|Any CPU
		{4C1EC437-E44C-353D-AC6A-67544497F156}.Debug|x64.ActiveCfg = Debug|Any CPU
		{4C1EC437-E44C-353D-AC6A-67544497F156}.Debug|x64.Build.0 = Debug|Any CPU
		{4C1EC437-E44C-353D-AC6A-67544497F156}.Debug|x86.ActiveCfg = Debug|Any CPU
		{4C1EC437-E44C-353D-AC6A-67544497F156}.Debug|x86.Build.0 = Debug|Any CPU
		{4C1EC437-E44C-353D-AC6A-67544497F156}.Release|Any CPU.ActiveCfg = Release|Any CPU
		{4C1EC437-E44C-353D-AC6A-67544497F156}.Release|Any CPU.Build.0 = Release|Any CPU
		{4C1EC437-E44C-353D-AC6A-67544497F156}.Release|x64.ActiveCfg = Release|Any CPU
		{4C1EC437-E44C-353D-AC6A-67544497F156}.Release|x64.Build.0 = Release|Any CPU
		{4C1EC437-E44C-353D-AC6A-67544497F156}.Release|x86.ActiveCfg = Release|Any CPU
		{4C1EC437-E44C-353D-AC6A-67544497F156}.Release|x86.Build.0 = Release|Any CPU
		{9A936D61-1825-22E2-19E6-194B62D7A0C6}.Debug|Any CPU.ActiveCfg = Debug|Any CPU
		{9A936D61-1825-22E2-19E6-194B62D7A0C6}.Debug|Any CPU.Build.0 = Debug|Any CPU
		{9A936D61-1825-22E2-19E6-194B62D7A0C6}.Debug|x64.ActiveCfg = Debug|Any CPU
		{9A936D61-1825-22E2-19E6-194B62D7A0C6}.Debug|x64.Build.0 = Debug|Any CPU
		{9A936D61-1825-22E2-19E6-194B62D7A0C6}.Debug|x86.ActiveCfg = Debug|Any CPU
		{9A936D61-1825-22E2-19E6-194B62D7A0C6}.Debug|x86.Build.0 = Debug|Any CPU
		{9A936D61-1825-22E2-19E6-194B62D7A0C6}.Release|Any CPU.ActiveCfg = Release|Any CPU
		{9A936D61-1825-22E2-19E6-194B62D7A0C6}.Release|Any CPU.Build.0 = Release|Any CPU
		{9A936D61-1825-22E2-19E6-194B62D7A0C6}.Release|x64.ActiveCfg = Release|Any CPU
		{9A936D61-1825-22E2-19E6-194B62D7A0C6}.Release|x64.Build.0 = Release|Any CPU
		{9A936D61-1825-22E2-19E6-194B62D7A0C6}.Release|x86.ActiveCfg = Release|Any CPU
		{9A936D61-1825-22E2-19E6-194B62D7A0C6}.Release|x86.Build.0 = Release|Any CPU
		{A38D5B95-8081-4A4D-A36A-6EAF514B63C4}.Debug|Any CPU.ActiveCfg = Debug|Any CPU
		{A38D5B95-8081-4A4D-A36A-6EAF514B63C4}.Debug|Any CPU.Build.0 = Debug|Any CPU
		{A38D5B95-8081-4A4D-A36A-6EAF514B63C4}.Debug|x64.ActiveCfg = Debug|Any CPU
		{A38D5B95-8081-4A4D-A36A-6EAF514B63C4}.Debug|x64.Build.0 = Debug|Any CPU
		{A38D5B95-8081-4A4D-A36A-6EAF514B63C4}.Debug|x86.ActiveCfg = Debug|Any CPU
		{A38D5B95-8081-4A4D-A36A-6EAF514B63C4}.Debug|x86.Build.0 = Debug|Any CPU
		{A38D5B95-8081-4A4D-A36A-6EAF514B63C4}.Release|Any CPU.ActiveCfg = Release|Any CPU
		{A38D5B95-8081-4A4D-A36A-6EAF514B63C4}.Release|Any CPU.Build.0 = Release|Any CPU
		{A38D5B95-8081-4A4D-A36A-6EAF514B63C4}.Release|x64.ActiveCfg = Release|Any CPU
		{A38D5B95-8081-4A4D-A36A-6EAF514B63C4}.Release|x64.Build.0 = Release|Any CPU
		{A38D5B95-8081-4A4D-A36A-6EAF514B63C4}.Release|x86.ActiveCfg = Release|Any CPU
		{A38D5B95-8081-4A4D-A36A-6EAF514B63C4}.Release|x86.Build.0 = Release|Any CPU
		{B5C98558-A438-4CC1-801A-7942D6CFFAED}.Debug|Any CPU.ActiveCfg = Debug|Any CPU
		{B5C98558-A438-4CC1-801A-7942D6CFFAED}.Debug|Any CPU.Build.0 = Debug|Any CPU
		{B5C98558-A438-4CC1-801A-7942D6CFFAED}.Debug|x64.ActiveCfg = Debug|Any CPU
		{B5C98558-A438-4CC1-801A-7942D6CFFAED}.Debug|x64.Build.0 = Debug|Any CPU
		{B5C98558-A438-4CC1-801A-7942D6CFFAED}.Debug|x86.ActiveCfg = Debug|Any CPU
		{B5C98558-A438-4CC1-801A-7942D6CFFAED}.Debug|x86.Build.0 = Debug|Any CPU
		{B5C98558-A438-4CC1-801A-7942D6CFFAED}.Release|Any CPU.ActiveCfg = Release|Any CPU
		{B5C98558-A438-4CC1-801A-7942D6CFFAED}.Release|Any CPU.Build.0 = Release|Any CPU
		{B5C98558-A438-4CC1-801A-7942D6CFFAED}.Release|x64.ActiveCfg = Release|Any CPU
		{B5C98558-A438-4CC1-801A-7942D6CFFAED}.Release|x64.Build.0 = Release|Any CPU
		{B5C98558-A438-4CC1-801A-7942D6CFFAED}.Release|x86.ActiveCfg = Release|Any CPU
		{B5C98558-A438-4CC1-801A-7942D6CFFAED}.Release|x86.Build.0 = Release|Any CPU
	EndGlobalSection
	GlobalSection(SolutionProperties) = preSolution
		HideSolutionNode = FALSE
	EndGlobalSection
	GlobalSection(NestedProjects) = preSolution
		{4C1EC437-E44C-353D-AC6A-67544497F156} = {76126703-5C9A-4CEC-B67F-E2DE5A4C1042}
		{9A936D61-1825-22E2-19E6-194B62D7A0C6} = {76126703-5C9A-4CEC-B67F-E2DE5A4C1042}
		{A38D5B95-8081-4A4D-A36A-6EAF514B63C4} = {34DFC7EB-D610-AD20-3560-2014A4FF57DA}
		{953285DE-017E-C532-049C-F9F308249D38} = {34DFC7EB-D610-AD20-3560-2014A4FF57DA}
		{57BE3DF0-B51B-A5E7-27F0-3FB081AFAD85} = {953285DE-017E-C532-049C-F9F308249D38}
		{B5C98558-A438-4CC1-801A-7942D6CFFAED} = {57BE3DF0-B51B-A5E7-27F0-3FB081AFAD85}
	EndGlobalSection
	GlobalSection(ExtensibilityGlobals) = postSolution
		SolutionGuid = {54E8BB8E-D6EE-4E3E-AB36-6E40A92D7D3B}
	EndGlobalSection
EndGlobal
