Microsoft Visual Studio Solution File, Format Version 12.00
# Visual Studio Version 17
VisualStudioVersion = 17.5.2.0
MinimumVisualStudioVersion = 10.0.40219.1
Project("{2150E333-8FDC-42A3-9474-1A3956D46DE8}") = "Semana1", "Semana1", "{76126703-5C9A-4CEC-B67F-E2DE5A4C1042}"
EndProject
Project("{FAE04EC0-301F-11D3-BF4B-00C04F79EFBC}") = "Ejercicio1", "Semana1\Ejercicio1\Ejercicio1.csproj", "{4C1EC437-E44C-353D-AC6A-67544497F156}"
EndProject
Project("{FAE04EC0-301F-11D3-BF4B-00C04F79EFBC}") = "Ejercicio2", "Semana1\Ejercicio2\Ejercicio2.csproj", "{9A936D61-1825-22E2-19E6-194B62D7A0C6}"
EndProject
Global
	GlobalSection(SolutionConfigurationPlatforms) = preSolution
		Debug|Any CPU = Debug|Any CPU
		Release|Any CPU = Release|Any CPU
	EndGlobalSection
	GlobalSection(ProjectConfigurationPlatforms) = postSolution
		{4C1EC437-E44C-353D-AC6A-67544497F156}.Debug|Any CPU.ActiveCfg = Debug|Any CPU
		{4C1EC437-E44C-353D-AC6A-67544497F156}.Debug|Any CPU.Build.0 = Debug|Any CPU
		{4C1EC437-E44C-353D-AC6A-67544497F156}.Release|Any CPU.ActiveCfg = Release|Any CPU
		{4C1EC437-E44C-353D-AC6A-67544497F156}.Release|Any CPU.Build.0 = Release|Any CPU
		{9A936D61-1825-22E2-19E6-194B62D7A0C6}.Debug|Any CPU.ActiveCfg = Debug|Any CPU
		{9A936D61-1825-22E2-19E6-194B62D7A0C6}.Debug|Any CPU.Build.0 = Debug|Any CPU
		{9A936D61-1825-22E2-19E6-194B62D7A0C6}.Release|Any CPU.ActiveCfg = Release|Any CPU
		{9A936D61-1825-22E2-19E6-194B62D7A0C6}.Release|Any CPU.Build.0 = Release|Any CPU
	EndGlobalSection
	GlobalSection(SolutionProperties) = preSolution
		HideSolutionNode = FALSE
	EndGlobalSection
	GlobalSection(NestedProjects) = preSolution
		{4C1EC437-E44C-353D-AC6A-67544497F156} = {76126703-5C9A-4CEC-B67F-E2DE5A4C1042}
		{9A936D61-1825-22E2-19E6-194B62D7A0C6} = {76126703-5C9A-4CEC-B67F-E2DE5A4C1042}
	EndGlobalSection
	GlobalSection(ExtensibilityGlobals) = postSolution
		SolutionGuid = {54E8BB8E-D6EE-4E3E-AB36-6E40A92D7D3B}
	EndGlobalSection
EndGlobal
