
Microsoft Visual Studio Solution File, Format Version 12.00
# Visual Studio Version 17
VisualStudioVersion = 17.0.31903.59
MinimumVisualStudioVersion = 10.0.40219.1
Project("{2150E333-8FDC-42A3-9474-1A3956D46DE8}") = "src", "src", "{827E0CD3-B72D-47B6-A68D-7590B98EB39B}"
EndProject
Project("{FAE04EC0-301F-11D3-BF4B-00C04F79EFBC}") = "CalculadoraLib", "src\CalculadoraLib\CalculadoraLib.csproj", "{20932EF0-FA51-46E0-BC90-004DBE20247F}"
EndProject
Project("{2150E333-8FDC-42A3-9474-1A3956D46DE8}") = "tests", "tests", "{0AB3BF05-4346-4AA6-1389-037BE0695223}"
EndProject
Project("{FAE04EC0-301F-11D3-BF4B-00C04F79EFBC}") = "CalculadoraLib.Tests", "tests\CalculadoraLib.Tests\CalculadoraLib.Tests.csproj", "{8F4CA20E-0AA5-4990-BF22-F4875A99C65B}"
EndProject
Project("{FAE04EC0-301F-11D3-BF4B-00C04F79EFBC}") = "CalculadoraApp", "src\CalculadoraApp\CalculadoraApp.csproj", "{A24E3DE6-4478-43D8-936A-478FBAE02499}"
EndProject
Global
	GlobalSection(SolutionConfigurationPlatforms) = preSolution
		Debug|Any CPU = Debug|Any CPU
		Debug|x64 = Debug|x64
		Debug|x86 = Debug|x86
		Release|Any CPU = Release|Any CPU
		Release|x64 = Release|x64
		Release|x86 = Release|x86
	EndGlobalSection
	GlobalSection(ProjectConfigurationPlatforms) = postSolution
		{20932EF0-FA51-46E0-BC90-004DBE20247F}.Debug|Any CPU.ActiveCfg = Debug|Any CPU
		{20932EF0-FA51-46E0-BC90-004DBE20247F}.Debug|Any CPU.Build.0 = Debug|Any CPU
		{20932EF0-FA51-46E0-BC90-004DBE20247F}.Debug|x64.ActiveCfg = Debug|Any CPU
		{20932EF0-FA51-46E0-BC90-004DBE20247F}.Debug|x64.Build.0 = Debug|Any CPU
		{20932EF0-FA51-46E0-BC90-004DBE20247F}.Debug|x86.ActiveCfg = Debug|Any CPU
		{20932EF0-FA51-46E0-BC90-004DBE20247F}.Debug|x86.Build.0 = Debug|Any CPU
		{20932EF0-FA51-46E0-BC90-004DBE20247F}.Release|Any CPU.ActiveCfg = Release|Any CPU
		{20932EF0-FA51-46E0-BC90-004DBE20247F}.Release|Any CPU.Build.0 = Release|Any CPU
		{20932EF0-FA51-46E0-BC90-004DBE20247F}.Release|x64.ActiveCfg = Release|Any CPU
		{20932EF0-FA51-46E0-BC90-004DBE20247F}.Release|x64.Build.0 = Release|Any CPU
		{20932EF0-FA51-46E0-BC90-004DBE20247F}.Release|x86.ActiveCfg = Release|Any CPU
		{20932EF0-FA51-46E0-BC90-004DBE20247F}.Release|x86.Build.0 = Release|Any CPU
		{8F4CA20E-0AA5-4990-BF22-F4875A99C65B}.Debug|Any CPU.ActiveCfg = Debug|Any CPU
		{8F4CA20E-0AA5-4990-BF22-F4875A99C65B}.Debug|Any CPU.Build.0 = Debug|Any CPU
		{8F4CA20E-0AA5-4990-BF22-F4875A99C65B}.Debug|x64.ActiveCfg = Debug|Any CPU
		{8F4CA20E-0AA5-4990-BF22-F4875A99C65B}.Debug|x64.Build.0 = Debug|Any CPU
		{8F4CA20E-0AA5-4990-BF22-F4875A99C65B}.Debug|x86.ActiveCfg = Debug|Any CPU
		{8F4CA20E-0AA5-4990-BF22-F4875A99C65B}.Debug|x86.Build.0 = Debug|Any CPU
		{8F4CA20E-0AA5-4990-BF22-F4875A99C65B}.Release|Any CPU.ActiveCfg = Release|Any CPU
		{8F4CA20E-0AA5-4990-BF22-F4875A99C65B}.Release|Any CPU.Build.0 = Release|Any CPU
		{8F4CA20E-0AA5-4990-BF22-F4875A99C65B}.Release|x64.ActiveCfg = Release|Any CPU
		{8F4CA20E-0AA5-4990-BF22-F4875A99C65B}.Release|x64.Build.0 = Release|Any CPU
		{8F4CA20E-0AA5-4990-BF22-F4875A99C65B}.Release|x86.ActiveCfg = Release|Any CPU
		{8F4CA20E-0AA5-4990-BF22-F4875A99C65B}.Release|x86.Build.0 = Release|Any CPU
		{A24E3DE6-4478-43D8-936A-478FBAE02499}.Debug|Any CPU.ActiveCfg = Debug|Any CPU
		{A24E3DE6-4478-43D8-936A-478FBAE02499}.Debug|Any CPU.Build.0 = Debug|Any CPU
		{A24E3DE6-4478-43D8-936A-478FBAE02499}.Debug|x64.ActiveCfg = Debug|Any CPU
		{A24E3DE6-4478-43D8-936A-478FBAE02499}.Debug|x64.Build.0 = Debug|Any CPU
		{A24E3DE6-4478-43D8-936A-478FBAE02499}.Debug|x86.ActiveCfg = Debug|Any CPU
		{A24E3DE6-4478-43D8-936A-478FBAE02499}.Debug|x86.Build.0 = Debug|Any CPU
		{A24E3DE6-4478-43D8-936A-478FBAE02499}.Release|Any CPU.ActiveCfg = Release|Any CPU
		{A24E3DE6-4478-43D8-936A-478FBAE02499}.Release|Any CPU.Build.0 = Release|Any CPU
		{A24E3DE6-4478-43D8-936A-478FBAE02499}.Release|x64.ActiveCfg = Release|Any CPU
		{A24E3DE6-4478-43D8-936A-478FBAE02499}.Release|x64.Build.0 = Release|Any CPU
		{A24E3DE6-4478-43D8-936A-478FBAE02499}.Release|x86.ActiveCfg = Release|Any CPU
		{A24E3DE6-4478-43D8-936A-478FBAE02499}.Release|x86.Build.0 = Release|Any CPU
	EndGlobalSection
	GlobalSection(SolutionProperties) = preSolution
		HideSolutionNode = FALSE
	EndGlobalSection
	GlobalSection(NestedProjects) = preSolution
		{20932EF0-FA51-46E0-BC90-004DBE20247F} = {827E0CD3-B72D-47B6-A68D-7590B98EB39B}
		{8F4CA20E-0AA5-4990-BF22-F4875A99C65B} = {0AB3BF05-4346-4AA6-1389-037BE0695223}
		{A24E3DE6-4478-43D8-936A-478FBAE02499} = {827E0CD3-B72D-47B6-A68D-7590B98EB39B}
	EndGlobalSection
EndGlobal
