
Microsoft Visual Studio Solution File, Format Version 12.00
# Visual Studio Version 17
VisualStudioVersion = 17.0.31903.59
MinimumVisualStudioVersion = 10.0.40219.1
Project("{FAE04EC0-301F-11D3-BF4B-00C04F79EFBC}") = "MyApp.Core", "MyApp.Core\MyApp.Core.csproj", "{C588B42E-6C6A-4322-B258-25B1312C4DC2}"
EndProject
Project("{FAE04EC0-301F-11D3-BF4B-00C04F79EFBC}") = "MyApp.Console", "MyApp.Console\MyApp.Console.csproj", "{1D214450-EEAF-487B-94AF-1A7FCA0A876E}"
EndProject
Global
	GlobalSection(SolutionConfigurationPlatforms) = preSolution
		Debug|Any CPU = Debug|Any CPU
		Debug|x64 = Debug|x64
		Debug|x86 = Debug|x86
		Release|Any CPU = Release|Any CPU
		Release|x64 = Release|x64
		Release|x86 = Release|x86
	EndGlobalSection
	GlobalSection(ProjectConfigurationPlatforms) = postSolution
		{C588B42E-6C6A-4322-B258-25B1312C4DC2}.Debug|Any CPU.ActiveCfg = Debug|Any CPU
		{C588B42E-6C6A-4322-B258-25B1312C4DC2}.Debug|Any CPU.Build.0 = Debug|Any CPU
		{C588B42E-6C6A-4322-B258-25B1312C4DC2}.Debug|x64.ActiveCfg = Debug|Any CPU
		{C588B42E-6C6A-4322-B258-25B1312C4DC2}.Debug|x64.Build.0 = Debug|Any CPU
		{C588B42E-6C6A-4322-B258-25B1312C4DC2}.Debug|x86.ActiveCfg = Debug|Any CPU
		{C588B42E-6C6A-4322-B258-25B1312C4DC2}.Debug|x86.Build.0 = Debug|Any CPU
		{C588B42E-6C6A-4322-B258-25B1312C4DC2}.Release|Any CPU.ActiveCfg = Release|Any CPU
		{C588B42E-6C6A-4322-B258-25B1312C4DC2}.Release|Any CPU.Build.0 = Release|Any CPU
		{C588B42E-6C6A-4322-B258-25B1312C4DC2}.Release|x64.ActiveCfg = Release|Any CPU
		{C588B42E-6C6A-4322-B258-25B1312C4DC2}.Release|x64.Build.0 = Release|Any CPU
		{C588B42E-6C6A-4322-B258-25B1312C4DC2}.Release|x86.ActiveCfg = Release|Any CPU
		{C588B42E-6C6A-4322-B258-25B1312C4DC2}.Release|x86.Build.0 = Release|Any CPU
		{1D214450-EEAF-487B-94AF-1A7FCA0A876E}.Debug|Any CPU.ActiveCfg = Debug|Any CPU
		{1D214450-EEAF-487B-94AF-1A7FCA0A876E}.Debug|Any CPU.Build.0 = Debug|Any CPU
		{1D214450-EEAF-487B-94AF-1A7FCA0A876E}.Debug|x64.ActiveCfg = Debug|Any CPU
		{1D214450-EEAF-487B-94AF-1A7FCA0A876E}.Debug|x64.Build.0 = Debug|Any CPU
		{1D214450-EEAF-487B-94AF-1A7FCA0A876E}.Debug|x86.ActiveCfg = Debug|Any CPU
		{1D214450-EEAF-487B-94AF-1A7FCA0A876E}.Debug|x86.Build.0 = Debug|Any CPU
		{1D214450-EEAF-487B-94AF-1A7FCA0A876E}.Release|Any CPU.ActiveCfg = Release|Any CPU
		{1D214450-EEAF-487B-94AF-1A7FCA0A876E}.Release|Any CPU.Build.0 = Release|Any CPU
		{1D214450-EEAF-487B-94AF-1A7FCA0A876E}.Release|x64.ActiveCfg = Release|Any CPU
		{1D214450-EEAF-487B-94AF-1A7FCA0A876E}.Release|x64.Build.0 = Release|Any CPU
		{1D214450-EEAF-487B-94AF-1A7FCA0A876E}.Release|x86.ActiveCfg = Release|Any CPU
		{1D214450-EEAF-487B-94AF-1A7FCA0A876E}.Release|x86.Build.0 = Release|Any CPU
	EndGlobalSection
	GlobalSection(SolutionProperties) = preSolution
		HideSolutionNode = FALSE
	EndGlobalSection
EndGlobal
